
Microsoft Visual Studio Solution File, Format Version 12.00
# Visual Studio Version 17
VisualStudioVersion = 17.0.31919.166
MinimumVisualStudioVersion = 10.0.40219.1
Project("{9A19103F-16F7-4668-BE54-9A1E7A4F7556}") = "BankManagementProject", "BankManagementProject\BankManagementProject.csproj", "{4D233503-4830-46B3-82AD-09BDC1386178}"
EndProject
Project("{9A19103F-16F7-4668-BE54-9A1E7A4F7556}") = "DAO", "DAO\DAO.csproj", "{BC7253EB-A0B0-4FDA-A1FF-A43636AE72ED}"
EndProject
Global
	GlobalSection(SolutionConfigurationPlatforms) = preSolution
		Debug|Any CPU = Debug|Any CPU
		Release|Any CPU = Release|Any CPU
	EndGlobalSection
	GlobalSection(ProjectConfigurationPlatforms) = postSolution
		{4D233503-4830-46B3-82AD-09BDC1386178}.Debug|Any CPU.ActiveCfg = Debug|Any CPU
		{4D233503-4830-46B3-82AD-09BDC1386178}.Debug|Any CPU.Build.0 = Debug|Any CPU
		{4D233503-4830-46B3-82AD-09BDC1386178}.Release|Any CPU.ActiveCfg = Release|Any CPU
		{4D233503-4830-46B3-82AD-09BDC1386178}.Release|Any CPU.Build.0 = Release|Any CPU
		{BC7253EB-A0B0-4FDA-A1FF-A43636AE72ED}.Debug|Any CPU.ActiveCfg = Debug|Any CPU
		{BC7253EB-A0B0-4FDA-A1FF-A43636AE72ED}.Debug|Any CPU.Build.0 = Debug|Any CPU
		{BC7253EB-A0B0-4FDA-A1FF-A43636AE72ED}.Release|Any CPU.ActiveCfg = Release|Any CPU
		{BC7253EB-A0B0-4FDA-A1FF-A43636AE72ED}.Release|Any CPU.Build.0 = Release|Any CPU
	EndGlobalSection
	GlobalSection(SolutionProperties) = preSolution
		HideSolutionNode = FALSE
	EndGlobalSection
	GlobalSection(ExtensibilityGlobals) = postSolution
		SolutionGuid = {7E7A644E-428B-42EC-9F72-96E70EADEA5B}
	EndGlobalSection
EndGlobal
